
Microsoft Visual Studio Solution File, Format Version 10.00
# Visual Studio 2008
Project("{FAE04EC0-301F-11D3-BF4B-00C04F79EFBC}") = "C20_chackboxes_five", "C20_chackboxes_five\C20_chackboxes_five.csproj", "{EDB8654F-4031-427F-A41C-38443860B1BA}"
EndProject
Global
	GlobalSection(SolutionConfigurationPlatforms) = preSolution
		Debug|Any CPU = Debug|Any CPU
		Release|Any CPU = Release|Any CPU
	EndGlobalSection
	GlobalSection(ProjectConfigurationPlatforms) = postSolution
		{EDB8654F-4031-427F-A41C-38443860B1BA}.Debug|Any CPU.ActiveCfg = Debug|Any CPU
		{EDB8654F-4031-427F-A41C-38443860B1BA}.Debug|Any CPU.Build.0 = Debug|Any CPU
		{EDB8654F-4031-427F-A41C-38443860B1BA}.Release|Any CPU.ActiveCfg = Release|Any CPU
		{EDB8654F-4031-427F-A41C-38443860B1BA}.Release|Any CPU.Build.0 = Release|Any CPU
	EndGlobalSection
	GlobalSection(SolutionProperties) = preSolution
		HideSolutionNode = FALSE
	EndGlobalSection
EndGlobal
