
Microsoft Visual Studio Solution File, Format Version 11.00
# Visual Studio 2010
Project("{FAE04EC0-301F-11D3-BF4B-00C04F79EFBC}") = "C5_rate_cal", "C5_rate_cal.csproj", "{765FBBDA-CFF4-4132-99A7-7E0A15297D23}"
EndProject
Global
	GlobalSection(SolutionConfigurationPlatforms) = preSolution
		Debug|Any CPU = Debug|Any CPU
		Release|Any CPU = Release|Any CPU
	EndGlobalSection
	GlobalSection(ProjectConfigurationPlatforms) = postSolution
		{765FBBDA-CFF4-4132-99A7-7E0A15297D23}.Debug|Any CPU.ActiveCfg = Debug|Any CPU
		{765FBBDA-CFF4-4132-99A7-7E0A15297D23}.Debug|Any CPU.Build.0 = Debug|Any CPU
		{765FBBDA-CFF4-4132-99A7-7E0A15297D23}.Release|Any CPU.ActiveCfg = Release|Any CPU
		{765FBBDA-CFF4-4132-99A7-7E0A15297D23}.Release|Any CPU.Build.0 = Release|Any CPU
	EndGlobalSection
	GlobalSection(SolutionProperties) = preSolution
		HideSolutionNode = FALSE
	EndGlobalSection
EndGlobal
