
Microsoft Visual Studio Solution File, Format Version 10.00
# Visual Studio 2008
Project("{FAE04EC0-301F-11D3-BF4B-00C04F79EFBC}") = "_TreeView_demo", "_TreeView_demo\_TreeView_demo.csproj", "{6F035094-6CC7-483D-945F-E69754E84A4F}"
EndProject
Global
	GlobalSection(SolutionConfigurationPlatforms) = preSolution
		Debug|Any CPU = Debug|Any CPU
		Release|Any CPU = Release|Any CPU
	EndGlobalSection
	GlobalSection(ProjectConfigurationPlatforms) = postSolution
		{6F035094-6CC7-483D-945F-E69754E84A4F}.Debug|Any CPU.ActiveCfg = Debug|Any CPU
		{6F035094-6CC7-483D-945F-E69754E84A4F}.Debug|Any CPU.Build.0 = Debug|Any CPU
		{6F035094-6CC7-483D-945F-E69754E84A4F}.Release|Any CPU.ActiveCfg = Release|Any CPU
		{6F035094-6CC7-483D-945F-E69754E84A4F}.Release|Any CPU.Build.0 = Release|Any CPU
	EndGlobalSection
	GlobalSection(SolutionProperties) = preSolution
		HideSolutionNode = FALSE
	EndGlobalSection
EndGlobal
